
Microsoft Visual Studio Solution File, Format Version 12.00
# Visual Studio Version 16
VisualStudioVersion = 16.0.31112.23
MinimumVisualStudioVersion = 10.0.40219.1
Project("{FAE04EC0-301F-11D3-BF4B-00C04F79EFBC}") = "HybridCachingWithEasyCaching", "HybridCachingWithEasyCaching.csproj", "{EAB471D8-5656-41EC-B871-39F657A53177}"
EndProject
Global
	GlobalSection(SolutionConfigurationPlatforms) = preSolution
		Debug|Any CPU = Debug|Any CPU
		Release|Any CPU = Release|Any CPU
	EndGlobalSection
	GlobalSection(ProjectConfigurationPlatforms) = postSolution
		{EAB471D8-5656-41EC-B871-39F657A53177}.Debug|Any CPU.ActiveCfg = Debug|Any CPU
		{EAB471D8-5656-41EC-B871-39F657A53177}.Debug|Any CPU.Build.0 = Debug|Any CPU
		{EAB471D8-5656-41EC-B871-39F657A53177}.Release|Any CPU.ActiveCfg = Release|Any CPU
		{EAB471D8-5656-41EC-B871-39F657A53177}.Release|Any CPU.Build.0 = Release|Any CPU
	EndGlobalSection
	GlobalSection(SolutionProperties) = preSolution
		HideSolutionNode = FALSE
	EndGlobalSection
	GlobalSection(ExtensibilityGlobals) = postSolution
		SolutionGuid = {514CD244-036F-490A-81FC-0EDD4638A9FC}
	EndGlobalSection
EndGlobal
